
Microsoft Visual Studio Solution File, Format Version 12.00
# Visual Studio Version 16
VisualStudioVersion = 16.0.29709.97
MinimumVisualStudioVersion = 10.0.40219.1
Project("{8BC9CEB8-8B4A-11D0-8D11-00A0C91BC942}") = "smartSchool", "smartSchool\smartSchool.vcxproj", "{8FA59773-D06F-4A81-8C81-C958FA779A9E}"
EndProject
Global
	GlobalSection(SolutionConfigurationPlatforms) = preSolution
		Debug|x64 = Debug|x64
		Debug|x86 = Debug|x86
		Release|x64 = Release|x64
		Release|x86 = Release|x86
	EndGlobalSection
	GlobalSection(ProjectConfigurationPlatforms) = postSolution
		{8FA59773-D06F-4A81-8C81-C958FA779A9E}.Debug|x64.ActiveCfg = Debug|x64
		{8FA59773-D06F-4A81-8C81-C958FA779A9E}.Debug|x64.Build.0 = Debug|x64
		{8FA59773-D06F-4A81-8C81-C958FA779A9E}.Debug|x86.ActiveCfg = Debug|Win32
		{8FA59773-D06F-4A81-8C81-C958FA779A9E}.Debug|x86.Build.0 = Debug|Win32
		{8FA59773-D06F-4A81-8C81-C958FA779A9E}.Release|x64.ActiveCfg = Release|x64
		{8FA59773-D06F-4A81-8C81-C958FA779A9E}.Release|x64.Build.0 = Release|x64
		{8FA59773-D06F-4A81-8C81-C958FA779A9E}.Release|x86.ActiveCfg = Release|Win32
		{8FA59773-D06F-4A81-8C81-C958FA779A9E}.Release|x86.Build.0 = Release|Win32
	EndGlobalSection
	GlobalSection(SolutionProperties) = preSolution
		HideSolutionNode = FALSE
	EndGlobalSection
	GlobalSection(ExtensibilityGlobals) = postSolution
		SolutionGuid = {BA2F22A9-93F4-40B1-A961-AB7C88D7D3C4}
	EndGlobalSection
EndGlobal
